// !$*UTF8*$!
{
	archiveVersion = 1;
	classes = {
	};
	objectVersion = 46;
	objects = {

/* Begin PBXBuildFile section */
		56011E751B6D7D4D00A66DB9 /* JTFadingInfoView.m in Sources */ = {isa = PBXBuildFile; fileRef = 56011E741B6D7D4D00A66DB9 /* JTFadingInfoView.m */; };
		56011E811B6D7D8400A66DB9 /* Info.plist in Resources */ = {isa = PBXBuildFile; fileRef = 56011E7F1B6D7D8400A66DB9 /* Info.plist */; };
		56011E821B6D7D8400A66DB9 /* main.m in Sources */ = {isa = PBXBuildFile; fileRef = 56011E801B6D7D8400A66DB9 /* main.m */; };
		56011E881B6D7EC800A66DB9 /* JTFadingInfoViewTests.m in Sources */ = {isa = PBXBuildFile; fileRef = 56011E831B6D7D9400A66DB9 /* JTFadingInfoViewTests.m */; };
		56011E891B6D7EF100A66DB9 /* LaunchScreen.xib in Resources */ = {isa = PBXBuildFile; fileRef = 56011E7C1B6D7D7900A66DB9 /* LaunchScreen.xib */; };
		56011E8A1B6D7EF800A66DB9 /* Info.plist in Resources */ = {isa = PBXBuildFile; fileRef = 56011E851B6D7D9E00A66DB9 /* Info.plist */; };
		56011E8F1B6D800B00A66DB9 /* Images.xcassets in Resources */ = {isa = PBXBuildFile; fileRef = 56011E8E1B6D800B00A66DB9 /* Images.xcassets */; };
		56011E941B6EC49C00A66DB9 /* AppDelegate.m in Sources */ = {isa = PBXBuildFile; fileRef = 56011E911B6EC49C00A66DB9 /* AppDelegate.m */; };
		56011E951B6EC49C00A66DB9 /* ViewController.m in Sources */ = {isa = PBXBuildFile; fileRef = 56011E931B6EC49C00A66DB9 /* ViewController.m */; };
/* End PBXBuildFile section */

/* Begin PBXContainerItemProxy section */
		5669C3A81B67D5FE003A2B83 /* PBXContainerItemProxy */ = {
			isa = PBXContainerItemProxy;
			containerPortal = 5669C3861B67D5FE003A2B83 /* Project object */;
			proxyType = 1;
			remoteGlobalIDString = 5669C38D1B67D5FE003A2B83;
			remoteInfo = JTFadingInfoViewController;
		};
/* End PBXContainerItemProxy section */

/* Begin PBXFileReference section */
		56011E731B6D7D4D00A66DB9 /* JTFadingInfoView.h */ = {isa = PBXFileReference; fileEncoding = 4; lastKnownFileType = sourcecode.c.h; name = JTFadingInfoView.h; path = JTFadingInfoView/Class/JTFadingInfoView.h; sourceTree = SOURCE_ROOT; };
		56011E741B6D7D4D00A66DB9 /* JTFadingInfoView.m */ = {isa = PBXFileReference; fileEncoding = 4; lastKnownFileType = sourcecode.c.objc; name = JTFadingInfoView.m; path = JTFadingInfoView/Class/JTFadingInfoView.m; sourceTree = SOURCE_ROOT; };
		56011E7D1B6D7D7900A66DB9 /* Base */ = {isa = PBXFileReference; lastKnownFileType = file.xib; name = Base; path = JTFadingInfoView/Base.lproj/LaunchScreen.xib; sourceTree = SOURCE_ROOT; };
		56011E7F1B6D7D8400A66DB9 /* Info.plist */ = {isa = PBXFileReference; fileEncoding = 4; lastKnownFileType = text.plist.xml; name = Info.plist; path = JTFadingInfoView/Info.plist; sourceTree = SOURCE_ROOT; };
		56011E801B6D7D8400A66DB9 /* main.m */ = {isa = PBXFileReference; fileEncoding = 4; lastKnownFileType = sourcecode.c.objc; name = main.m; path = JTFadingInfoView/main.m; sourceTree = SOURCE_ROOT; };
		56011E831B6D7D9400A66DB9 /* JTFadingInfoViewTests.m */ = {isa = PBXFileReference; fileEncoding = 4; lastKnownFileType = sourcecode.c.objc; name = JTFadingInfoViewTests.m; path = JTFadingInfoViewTests/JTFadingInfoViewTests.m; sourceTree = SOURCE_ROOT; };
		56011E851B6D7D9E00A66DB9 /* Info.plist */ = {isa = PBXFileReference; fileEncoding = 4; lastKnownFileType = text.plist.xml; name = Info.plist; path = JTFadingInfoViewTests/Info.plist; sourceTree = SOURCE_ROOT; };
		56011E8E1B6D800B00A66DB9 /* Images.xcassets */ = {isa = PBXFileReference; lastKnownFileType = folder.assetcatalog; name = Images.xcassets; path = JTFadingInfoView/Images.xcassets; sourceTree = SOURCE_ROOT; };
		56011E901B6EC49C00A66DB9 /* AppDelegate.h */ = {isa = PBXFileReference; fileEncoding = 4; lastKnownFileType = sourcecode.c.h; name = AppDelegate.h; path = JTFadingInfoView/AppDelegate.h; sourceTree = SOURCE_ROOT; };
		56011E911B6EC49C00A66DB9 /* AppDelegate.m */ = {isa = PBXFileReference; fileEncoding = 4; lastKnownFileType = sourcecode.c.objc; name = AppDelegate.m; path = JTFadingInfoView/AppDelegate.m; sourceTree = SOURCE_ROOT; };
		56011E921B6EC49C00A66DB9 /* ViewController.h */ = {isa = PBXFileReference; fileEncoding = 4; lastKnownFileType = sourcecode.c.h; name = ViewController.h; path = JTFadingInfoView/ViewController.h; sourceTree = SOURCE_ROOT; };
		56011E931B6EC49C00A66DB9 /* ViewController.m */ = {isa = PBXFileReference; fileEncoding = 4; lastKnownFileType = sourcecode.c.objc; name = ViewController.m; path = JTFadingInfoView/ViewController.m; sourceTree = SOURCE_ROOT; };
		5669C38E1B67D5FE003A2B83 /* JTFadingInfoView.app */ = {isa = PBXFileReference; explicitFileType = wrapper.application; includeInIndex = 0; path = JTFadingInfoView.app; sourceTree = BUILT_PRODUCTS_DIR; };
		5669C3A71B67D5FE003A2B83 /* JTFadingInfoViewTests.xctest */ = {isa = PBXFileReference; explicitFileType = wrapper.cfbundle; includeInIndex = 0; path = JTFadingInfoViewTests.xctest; sourceTree = BUILT_PRODUCTS_DIR; };
/* End PBXFileReference section */

/* Begin PBXFrameworksBuildPhase section */
		5669C38B1B67D5FE003A2B83 /* Frameworks */ = {
			isa = PBXFrameworksBuildPhase;
			buildActionMask = 2147483647;
			files = (
			);
			runOnlyForDeploymentPostprocessing = 0;
		};
		5669C3A41B67D5FE003A2B83 /* Frameworks */ = {
			isa = PBXFrameworksBuildPhase;
			buildActionMask = 2147483647;
			files = (
			);
			runOnlyForDeploymentPostprocessing = 0;
		};
/* End PBXFrameworksBuildPhase section */

/* Begin PBXGroup section */
		5669C3851B67D5FE003A2B83 = {
			isa = PBXGroup;
			children = (
				5669C3B71B67D64B003A2B83 /* JTFadingInfoView */,
				5669C3901B67D5FE003A2B83 /* Demo */,
				5669C3AA1B67D5FE003A2B83 /* JTFadingInfoViewTests */,
				5669C38F1B67D5FE003A2B83 /* Products */,
			);
			sourceTree = "<group>";
		};
		5669C38F1B67D5FE003A2B83 /* Products */ = {
			isa = PBXGroup;
			children = (
				5669C38E1B67D5FE003A2B83 /* JTFadingInfoView.app */,
				5669C3A71B67D5FE003A2B83 /* JTFadingInfoViewTests.xctest */,
			);
			name = Products;
			sourceTree = "<group>";
		};
		5669C3901B67D5FE003A2B83 /* Demo */ = {
			isa = PBXGroup;
			children = (
				56011E901B6EC49C00A66DB9 /* AppDelegate.h */,
				56011E911B6EC49C00A66DB9 /* AppDelegate.m */,
				56011E921B6EC49C00A66DB9 /* ViewController.h */,
				56011E931B6EC49C00A66DB9 /* ViewController.m */,
				56011E7C1B6D7D7900A66DB9 /* LaunchScreen.xib */,
				56011E8E1B6D800B00A66DB9 /* Images.xcassets */,
				5669C3911B67D5FE003A2B83 /* Supporting Files */,
			);
			name = Demo;
			path = JTFadingInfoViewController;
			sourceTree = "<group>";
		};
		5669C3911B67D5FE003A2B83 /* Supporting Files */ = {
			isa = PBXGroup;
			children = (
				56011E7F1B6D7D8400A66DB9 /* Info.plist */,
				56011E801B6D7D8400A66DB9 /* main.m */,
			);
			name = "Supporting Files";
			sourceTree = "<group>";
		};
		5669C3AA1B67D5FE003A2B83 /* JTFadingInfoViewTests */ = {
			isa = PBXGroup;
			children = (
				56011E831B6D7D9400A66DB9 /* JTFadingInfoViewTests.m */,
				5669C3AB1B67D5FE003A2B83 /* Supporting Files */,
			);
			name = JTFadingInfoViewTests;
			path = JTFadingInfoViewControllerTests;
			sourceTree = "<group>";
		};
		5669C3AB1B67D5FE003A2B83 /* Supporting Files */ = {
			isa = PBXGroup;
			children = (
				56011E851B6D7D9E00A66DB9 /* Info.plist */,
			);
			name = "Supporting Files";
			sourceTree = "<group>";
		};
		5669C3B71B67D64B003A2B83 /* JTFadingInfoView */ = {
			isa = PBXGroup;
			children = (
				56011E731B6D7D4D00A66DB9 /* JTFadingInfoView.h */,
				56011E741B6D7D4D00A66DB9 /* JTFadingInfoView.m */,
			);
			name = JTFadingInfoView;
			path = JTFadingInfoViewController;
			sourceTree = "<group>";
		};
/* End PBXGroup section */

/* Begin PBXNativeTarget section */
		5669C38D1B67D5FE003A2B83 /* JTFadingInfoView */ = {
			isa = PBXNativeTarget;
			buildConfigurationList = 5669C3B11B67D5FE003A2B83 /* Build configuration list for PBXNativeTarget "JTFadingInfoView" */;
			buildPhases = (
				5669C38A1B67D5FE003A2B83 /* Sources */,
				5669C38B1B67D5FE003A2B83 /* Frameworks */,
				5669C38C1B67D5FE003A2B83 /* Resources */,
			);
			buildRules = (
			);
			dependencies = (
			);
			name = JTFadingInfoView;
			productName = JTFadingInfoViewController;
			productReference = 5669C38E1B67D5FE003A2B83 /* JTFadingInfoView.app */;
			productType = "com.apple.product-type.application";
		};
		5669C3A61B67D5FE003A2B83 /* JTFadingInfoViewTests */ = {
			isa = PBXNativeTarget;
			buildConfigurationList = 5669C3B41B67D5FE003A2B83 /* Build configuration list for PBXNativeTarget "JTFadingInfoViewTests" */;
			buildPhases = (
				5669C3A31B67D5FE003A2B83 /* Sources */,
				5669C3A41B67D5FE003A2B83 /* Frameworks */,
				5669C3A51B67D5FE003A2B83 /* Resources */,
			);
			buildRules = (
			);
			dependencies = (
				5669C3A91B67D5FE003A2B83 /* PBXTargetDependency */,
			);
			name = JTFadingInfoViewTests;
			productName = JTFadingInfoViewControllerTests;
			productReference = 5669C3A71B67D5FE003A2B83 /* JTFadingInfoViewTests.xctest */;
			productType = "com.apple.product-type.bundle.unit-test";
		};
/* End PBXNativeTarget section */

/* Begin PBXProject section */
		5669C3861B67D5FE003A2B83 /* Project object */ = {
			isa = PBXProject;
			attributes = {
				LastUpgradeCheck = 0610;
				ORGANIZATIONNAME = "Junichi Tsurukawa";
				TargetAttributes = {
					5669C38D1B67D5FE003A2B83 = {
						CreatedOnToolsVersion = 6.1;
					};
					5669C3A61B67D5FE003A2B83 = {
						CreatedOnToolsVersion = 6.1;
						TestTargetID = 5669C38D1B67D5FE003A2B83;
					};
				};
			};
			buildConfigurationList = 5669C3891B67D5FE003A2B83 /* Build configuration list for PBXProject "JTFadingInfoView" */;
			compatibilityVersion = "Xcode 3.2";
			developmentRegion = English;
			hasScannedForEncodings = 0;
			knownRegions = (
				en,
				Base,
			);
			mainGroup = 5669C3851B67D5FE003A2B83;
			productRefGroup = 5669C38F1B67D5FE003A2B83 /* Products */;
			projectDirPath = "";
			projectRoot = "";
			targets = (
				5669C38D1B67D5FE003A2B83 /* JTFadingInfoView */,
				5669C3A61B67D5FE003A2B83 /* JTFadingInfoViewTests */,
			);
		};
/* End PBXProject section */

/* Begin PBXResourcesBuildPhase section */
		5669C38C1B67D5FE003A2B83 /* Resources */ = {
			isa = PBXResourcesBuildPhase;
			buildActionMask = 2147483647;
			files = (
				56011E811B6D7D8400A66DB9 /* Info.plist in Resources */,
				56011E8F1B6D800B00A66DB9 /* Images.xcassets in Resources */,
				56011E891B6D7EF100A66DB9 /* LaunchScreen.xib in Resources */,
				56011E8A1B6D7EF800A66DB9 /* Info.plist in Resources */,
			);
			runOnlyForDeploymentPostprocessing = 0;
		};
		5669C3A51B67D5FE003A2B83 /* Resources */ = {
			isa = PBXResourcesBuildPhase;
			buildActionMask = 2147483647;
			files = (
			);
			runOnlyForDeploymentPostprocessing = 0;
		};
/* End PBXResourcesBuildPhase section */

/* Begin PBXSourcesBuildPhase section */
		5669C38A1B67D5FE003A2B83 /* Sources */ = {
			isa = PBXSourcesBuildPhase;
			buildActionMask = 2147483647;
			files = (
				56011E821B6D7D8400A66DB9 /* main.m in Sources */,
				56011E751B6D7D4D00A66DB9 /* JTFadingInfoView.m in Sources */,
				56011E951B6EC49C00A66DB9 /* ViewController.m in Sources */,
				56011E941B6EC49C00A66DB9 /* AppDelegate.m in Sources */,
			);
			runOnlyForDeploymentPostprocessing = 0;
		};
		5669C3A31B67D5FE003A2B83 /* Sources */ = {
			isa = PBXSourcesBuildPhase;
			buildActionMask = 2147483647;
			files = (
				56011E881B6D7EC800A66DB9 /* JTFadingInfoViewTests.m in Sources */,
			);
			runOnlyForDeploymentPostprocessing = 0;
		};
/* End PBXSourcesBuildPhase section */

/* Begin PBXTargetDependency section */
		5669C3A91B67D5FE003A2B83 /* PBXTargetDependency */ = {
			isa = PBXTargetDependency;
			target = 5669C38D1B67D5FE003A2B83 /* JTFadingInfoView */;
			targetProxy = 5669C3A81B67D5FE003A2B83 /* PBXContainerItemProxy */;
		};
/* End PBXTargetDependency section */

/* Begin PBXVariantGroup section */
		56011E7C1B6D7D7900A66DB9 /* LaunchScreen.xib */ = {
			isa = PBXVariantGroup;
			children = (
				56011E7D1B6D7D7900A66DB9 /* Base */,
			);
			name = LaunchScreen.xib;
			sourceTree = "<group>";
		};
/* End PBXVariantGroup section */

/* Begin XCBuildConfiguration section */
		5669C3AF1B67D5FE003A2B83 /* Debug */ = {
			isa = XCBuildConfiguration;
			buildSettings = {
				ALWAYS_SEARCH_USER_PATHS = NO;
				CLANG_CXX_LANGUAGE_STANDARD = "gnu++0x";
				CLANG_CXX_LIBRARY = "libc++";
				CLANG_ENABLE_MODULES = YES;
				CLANG_ENABLE_OBJC_ARC = YES;
				CLANG_WARN_BOOL_CONVERSION = YES;
				CLANG_WARN_CONSTANT_CONVERSION = YES;
				CLANG_WARN_DIRECT_OBJC_ISA_USAGE = YES_ERROR;
				CLANG_WARN_EMPTY_BODY = YES;
				CLANG_WARN_ENUM_CONVERSION = YES;
				CLANG_WARN_INT_CONVERSION = YES;
				CLANG_WARN_OBJC_ROOT_CLASS = YES_ERROR;
				CLANG_WARN_UNREACHABLE_CODE = YES;
				CLANG_WARN__DUPLICATE_METHOD_MATCH = YES;
				"CODE_SIGN_IDENTITY[sdk=iphoneos*]" = "iPhone Developer";
				COPY_PHASE_STRIP = NO;
				ENABLE_STRICT_OBJC_MSGSEND = YES;
				GCC_C_LANGUAGE_STANDARD = gnu99;
				GCC_DYNAMIC_NO_PIC = NO;
				GCC_OPTIMIZATION_LEVEL = 0;
				GCC_PREPROCESSOR_DEFINITIONS = (
					"DEBUG=1",
					"$(inherited)",
				);
				GCC_SYMBOLS_PRIVATE_EXTERN = NO;
				GCC_WARN_64_TO_32_BIT_CONVERSION = YES;
				GCC_WARN_ABOUT_RETURN_TYPE = YES_ERROR;
				GCC_WARN_UNDECLARED_SELECTOR = YES;
				GCC_WARN_UNINITIALIZED_AUTOS = YES_AGGRESSIVE;
				GCC_WARN_UNUSED_FUNCTION = YES;
				GCC_WARN_UNUSED_VARIABLE = YES;
				IPHONEOS_DEPLOYMENT_TARGET = 8.1;
				MTL_ENABLE_DEBUG_INFO = YES;
				ONLY_ACTIVE_ARCH = YES;
				SDKROOT = iphoneos;
				TARGETED_DEVICE_FAMILY = "1,2";
			};
			name = Debug;
		};
		5669C3B01B67D5FE003A2B83 /* Release */ = {
			isa = XCBuildConfiguration;
			buildSettings = {
				ALWAYS_SEARCH_USER_PATHS = NO;
				CLANG_CXX_LANGUAGE_STANDARD = "gnu++0x";
				CLANG_CXX_LIBRARY = "libc++";
				CLANG_ENABLE_MODULES = YES;
				CLANG_ENABLE_OBJC_ARC = YES;
				CLANG_WARN_BOOL_CONVERSION = YES;
				CLANG_WARN_CONSTANT_CONVERSION = YES;
				CLANG_WARN_DIRECT_OBJC_ISA_USAGE = YES_ERROR;
				CLANG_WARN_EMPTY_BODY = YES;
				CLANG_WARN_ENUM_CONVERSION = YES;
				CLANG_WARN_INT_CONVERSION = YES;
				CLANG_WARN_OBJC_ROOT_CLASS = YES_ERROR;
				CLANG_WARN_UNREACHABLE_CODE = YES;
				CLANG_WARN__DUPLICATE_METHOD_MATCH = YES;
				"CODE_SIGN_IDENTITY[sdk=iphoneos*]" = "iPhone Developer";
				COPY_PHASE_STRIP = YES;
				ENABLE_NS_ASSERTIONS = NO;
				ENABLE_STRICT_OBJC_MSGSEND = YES;
				GCC_C_LANGUAGE_STANDARD = gnu99;
				GCC_WARN_64_TO_32_BIT_CONVERSION = YES;
				GCC_WARN_ABOUT_RETURN_TYPE = YES_ERROR;
				GCC_WARN_UNDECLARED_SELECTOR = YES;
				GCC_WARN_UNINITIALIZED_AUTOS = YES_AGGRESSIVE;
				GCC_WARN_UNUSED_FUNCTION = YES;
				GCC_WARN_UNUSED_VARIABLE = YES;
				IPHONEOS_DEPLOYMENT_TARGET = 8.1;
				MTL_ENABLE_DEBUG_INFO = NO;
				SDKROOT = iphoneos;
				TARGETED_DEVICE_FAMILY = "1,2";
				VALIDATE_PRODUCT = YES;
			};
			name = Release;
		};
		5669C3B21B67D5FE003A2B83 /* Debug */ = {
			isa = XCBuildConfiguration;
			buildSettings = {
				ASSETCATALOG_COMPILER_APPICON_NAME = AppIcon;
				ASSETCATALOG_COMPILER_LAUNCHIMAGE_NAME = LaunchImage;
				INFOPLIST_FILE = "$(SRCROOT)/JTFadingInfoViewTests/Info.plist";
				IPHONEOS_DEPLOYMENT_TARGET = 7.0;
				LD_RUNPATH_SEARCH_PATHS = "$(inherited) @executable_path/Frameworks";
				PRODUCT_NAME = JTFadingInfoView;
			};
			name = Debug;
		};
		5669C3B31B67D5FE003A2B83 /* Release */ = {
			isa = XCBuildConfiguration;
			buildSettings = {
				ASSETCATALOG_COMPILER_APPICON_NAME = AppIcon;
				ASSETCATALOG_COMPILER_LAUNCHIMAGE_NAME = LaunchImage;
				INFOPLIST_FILE = "$(SRCROOT)/JTFadingInfoViewTests/Info.plist";
				IPHONEOS_DEPLOYMENT_TARGET = 7.0;
				LD_RUNPATH_SEARCH_PATHS = "$(inherited) @executable_path/Frameworks";
				PRODUCT_NAME = JTFadingInfoView;
			};
			name = Release;
		};
		5669C3B51B67D5FE003A2B83 /* Debug */ = {
			isa = XCBuildConfiguration;
			buildSettings = {
				BUNDLE_LOADER = "$(TEST_HOST)";
				FRAMEWORK_SEARCH_PATHS = (
					"$(SDKROOT)/Developer/Library/Frameworks",
					"$(inherited)",
				);
				GCC_PREPROCESSOR_DEFINITIONS = (
					"DEBUG=1",
					"$(inherited)",
				);
				INFOPLIST_FILE = JTFadingInfoViewTests/Info.plist;
				LD_RUNPATH_SEARCH_PATHS = "$(inherited) @executable_path/Frameworks @loader_path/Frameworks";
				PRODUCT_NAME = JTFadingInfoViewTests;
				TEST_HOST = "$(BUILT_PRODUCTS_DIR)/JTFadingInfoView.app/JTFadingInfoView";
			};
			name = Debug;
		};
		5669C3B61B67D5FE003A2B83 /* Release */ = {
			isa = XCBuildConfiguration;
			buildSettings = {
				BUNDLE_LOADER = "$(TEST_HOST)";
				FRAMEWORK_SEARCH_PATHS = (
					"$(SDKROOT)/Developer/Library/Frameworks",
					"$(inherited)",
				);
				INFOPLIST_FILE = JTFadingInfoViewTests/Info.plist;
				LD_RUNPATH_SEARCH_PATHS = "$(inherited) @executable_path/Frameworks @loader_path/Frameworks";
				PRODUCT_NAME = JTFadingInfoViewTests;
				TEST_HOST = "$(BUILT_PRODUCTS_DIR)/JTFadingInfoView.app/JTFadingInfoView";
			};
			name = Release;
		};
/* End XCBuildConfiguration section */

/* Begin XCConfigurationList section */
		5669C3891B67D5FE003A2B83 /* Build configuration list for PBXProject "JTFadingInfoView" */ = {
			isa = XCConfigurationList;
			buildConfigurations = (
				5669C3AF1B67D5FE003A2B83 /* Debug */,
				5669C3B01B67D5FE003A2B83 /* Release */,
			);
			defaultConfigurationIsVisible = 0;
			defaultConfigurationName = Release;
		};
		5669C3B11B67D5FE003A2B83 /* Build configuration list for PBXNativeTarget "JTFadingInfoView" */ = {
			isa = XCConfigurationList;
			buildConfigurations = (
				5669C3B21B67D5FE003A2B83 /* Debug */,
				5669C3B31B67D5FE003A2B83 /* Release */,
			);
			defaultConfigurationIsVisible = 0;
			defaultConfigurationName = Release;
		};
		5669C3B41B67D5FE003A2B83 /* Build configuration list for PBXNativeTarget "JTFadingInfoViewTests" */ = {
			isa = XCConfigurationList;
			buildConfigurations = (
				5669C3B51B67D5FE003A2B83 /* Debug */,
				5669C3B61B67D5FE003A2B83 /* Release */,
			);
			defaultConfigurationIsVisible = 0;
			defaultConfigurationName = Release;
		};
/* End XCConfigurationList section */
	};
	rootObject = 5669C3861B67D5FE003A2B83 /* Project object */;
}
